
Microsoft Visual Studio Solution File, Format Version 12.00
# Visual Studio 15
VisualStudioVersion = 15.0.27703.2026
MinimumVisualStudioVersion = 10.0.40219.1
Project("{FAE04EC0-301F-11D3-BF4B-00C04F79EFBC}") = "ObsControlMobile.Android", "ObsControlMobile\ObsControlMobile.Android\ObsControlMobile.Android.csproj", "{EF3DEB27-96EE-45D0-AC07-6419F00A1B69}"
EndProject
Project("{FAE04EC0-301F-11D3-BF4B-00C04F79EFBC}") = "ObsControlMobile", "ObsControlMobile\ObsControlMobile\ObsControlMobile.csproj", "{DAB8E609-43B3-4BB3-A363-52ABCE717945}"
EndProject
Global
	GlobalSection(SolutionConfigurationPlatforms) = preSolution
		Debug|Any CPU = Debug|Any CPU
		Release|Any CPU = Release|Any CPU
	EndGlobalSection
	GlobalSection(ProjectConfigurationPlatforms) = postSolution
		{EF3DEB27-96EE-45D0-AC07-6419F00A1B69}.Debug|Any CPU.ActiveCfg = Debug|Any CPU
		{EF3DEB27-96EE-45D0-AC07-6419F00A1B69}.Debug|Any CPU.Build.0 = Debug|Any CPU
		{EF3DEB27-96EE-45D0-AC07-6419F00A1B69}.Debug|Any CPU.Deploy.0 = Debug|Any CPU
		{EF3DEB27-96EE-45D0-AC07-6419F00A1B69}.Release|Any CPU.ActiveCfg = Release|Any CPU
		{EF3DEB27-96EE-45D0-AC07-6419F00A1B69}.Release|Any CPU.Build.0 = Release|Any CPU
		{EF3DEB27-96EE-45D0-AC07-6419F00A1B69}.Release|Any CPU.Deploy.0 = Release|Any CPU
		{DAB8E609-43B3-4BB3-A363-52ABCE717945}.Debug|Any CPU.ActiveCfg = Debug|Any CPU
		{DAB8E609-43B3-4BB3-A363-52ABCE717945}.Debug|Any CPU.Build.0 = Debug|Any CPU
		{DAB8E609-43B3-4BB3-A363-52ABCE717945}.Debug|Any CPU.Deploy.0 = Debug|Any CPU
		{DAB8E609-43B3-4BB3-A363-52ABCE717945}.Release|Any CPU.ActiveCfg = Release|Any CPU
		{DAB8E609-43B3-4BB3-A363-52ABCE717945}.Release|Any CPU.Build.0 = Release|Any CPU
		{DAB8E609-43B3-4BB3-A363-52ABCE717945}.Release|Any CPU.Deploy.0 = Release|Any CPU
	EndGlobalSection
	GlobalSection(SolutionProperties) = preSolution
		HideSolutionNode = FALSE
	EndGlobalSection
	GlobalSection(ExtensibilityGlobals) = postSolution
		SolutionGuid = {1C4A6086-602E-4238-84B1-CA4A6A1896EF}
	EndGlobalSection
EndGlobal
